
Microsoft Visual Studio Solution File, Format Version 12.00
# Visual Studio Version 17
VisualStudioVersion = 17.2.32516.85
MinimumVisualStudioVersion = 10.0.40219.1
Project("{9A19103F-16F7-4668-BE54-9A1E7A4F7556}") = "InternalWork.Auth", "InternalWork.Auth.WebAPI\InternalWork.Auth.csproj", "{5FB758FC-202B-4F2D-BF8C-93EBD16DA510}"
EndProject
Project("{9A19103F-16F7-4668-BE54-9A1E7A4F7556}") = "InternalWork.Auth.Data", "InternalWork.Auth.Data\InternalWork.Auth.Data.csproj", "{177196AB-A818-4872-8CBF-F34296B6E731}"
EndProject
Project("{9A19103F-16F7-4668-BE54-9A1E7A4F7556}") = "InternalWork.Auth.Services", "InternalWork.Auth.Services\InternalWork.Auth.Services.csproj", "{6AC29FB9-9866-44CF-9B8E-768FBD3D256B}"
EndProject
Project("{9A19103F-16F7-4668-BE54-9A1E7A4F7556}") = "InternalWork.Auth.Common", "InternalWork.Auth.Common\InternalWork.Auth.Common.csproj", "{77CFABCD-0667-4DF1-B707-1688647C9D24}"
EndProject
Project("{9A19103F-16F7-4668-BE54-9A1E7A4F7556}") = "InternalWork.IntegrationTests", "InternalWork.Auth.IntegrationTests\InternalWork.IntegrationTests.csproj", "{5E0243D4-3D3A-4980-9BFE-DFDCD45687B2}"
EndProject
Project("{E53339B2-1760-4266-BCC7-CA923CBCF16C}") = "docker-compose", "docker-compose.dcproj", "{05CAB3EB-FCC8-443B-88AA-696FC9F9F344}"
EndProject
Project("{2150E333-8FDC-42A3-9474-1A3956D46DE8}") = "Solution Items", "Solution Items", "{BD5BEA8B-DC68-4186-A11E-14EE8A20FF7D}"
	ProjectSection(SolutionItems) = preProject
		docker-guide.txt = docker-guide.txt
	EndProjectSection
EndProject
Global
	GlobalSection(SolutionConfigurationPlatforms) = preSolution
		Debug|Any CPU = Debug|Any CPU
		Release|Any CPU = Release|Any CPU
	EndGlobalSection
	GlobalSection(ProjectConfigurationPlatforms) = postSolution
		{5FB758FC-202B-4F2D-BF8C-93EBD16DA510}.Debug|Any CPU.ActiveCfg = Debug|Any CPU
		{5FB758FC-202B-4F2D-BF8C-93EBD16DA510}.Debug|Any CPU.Build.0 = Debug|Any CPU
		{5FB758FC-202B-4F2D-BF8C-93EBD16DA510}.Release|Any CPU.ActiveCfg = Release|Any CPU
		{5FB758FC-202B-4F2D-BF8C-93EBD16DA510}.Release|Any CPU.Build.0 = Release|Any CPU
		{177196AB-A818-4872-8CBF-F34296B6E731}.Debug|Any CPU.ActiveCfg = Debug|Any CPU
		{177196AB-A818-4872-8CBF-F34296B6E731}.Debug|Any CPU.Build.0 = Debug|Any CPU
		{177196AB-A818-4872-8CBF-F34296B6E731}.Release|Any CPU.ActiveCfg = Release|Any CPU
		{177196AB-A818-4872-8CBF-F34296B6E731}.Release|Any CPU.Build.0 = Release|Any CPU
		{6AC29FB9-9866-44CF-9B8E-768FBD3D256B}.Debug|Any CPU.ActiveCfg = Debug|Any CPU
		{6AC29FB9-9866-44CF-9B8E-768FBD3D256B}.Debug|Any CPU.Build.0 = Debug|Any CPU
		{6AC29FB9-9866-44CF-9B8E-768FBD3D256B}.Release|Any CPU.ActiveCfg = Release|Any CPU
		{6AC29FB9-9866-44CF-9B8E-768FBD3D256B}.Release|Any CPU.Build.0 = Release|Any CPU
		{77CFABCD-0667-4DF1-B707-1688647C9D24}.Debug|Any CPU.ActiveCfg = Debug|Any CPU
		{77CFABCD-0667-4DF1-B707-1688647C9D24}.Debug|Any CPU.Build.0 = Debug|Any CPU
		{77CFABCD-0667-4DF1-B707-1688647C9D24}.Release|Any CPU.ActiveCfg = Release|Any CPU
		{77CFABCD-0667-4DF1-B707-1688647C9D24}.Release|Any CPU.Build.0 = Release|Any CPU
		{5E0243D4-3D3A-4980-9BFE-DFDCD45687B2}.Debug|Any CPU.ActiveCfg = Debug|Any CPU
		{5E0243D4-3D3A-4980-9BFE-DFDCD45687B2}.Debug|Any CPU.Build.0 = Debug|Any CPU
		{5E0243D4-3D3A-4980-9BFE-DFDCD45687B2}.Release|Any CPU.ActiveCfg = Release|Any CPU
		{5E0243D4-3D3A-4980-9BFE-DFDCD45687B2}.Release|Any CPU.Build.0 = Release|Any CPU
		{05CAB3EB-FCC8-443B-88AA-696FC9F9F344}.Debug|Any CPU.ActiveCfg = Debug|Any CPU
		{05CAB3EB-FCC8-443B-88AA-696FC9F9F344}.Debug|Any CPU.Build.0 = Debug|Any CPU
		{05CAB3EB-FCC8-443B-88AA-696FC9F9F344}.Release|Any CPU.ActiveCfg = Release|Any CPU
		{05CAB3EB-FCC8-443B-88AA-696FC9F9F344}.Release|Any CPU.Build.0 = Release|Any CPU
	EndGlobalSection
	GlobalSection(SolutionProperties) = preSolution
		HideSolutionNode = FALSE
	EndGlobalSection
	GlobalSection(ExtensibilityGlobals) = postSolution
		SolutionGuid = {2950503C-34B4-4932-AC8D-3F923D53E2B4}
	EndGlobalSection
EndGlobal
